# THIS IS AN AUTOGENERATED FILE. DO NOT EDIT THIS FILE DIRECTLY.
# yarn lockfile v1


rails-ujs@^5.2.4-1:
  version "5.2.4-1"
  resolved "https://registry.yarnpkg.com/rails-ujs/-/rails-ujs-5.2.4-1.tgz#8005323a71d22b1456a9ddd9ca1b0148007fa6e0"
  integrity sha512-qKxLeisxyWVHx1nnRv9GWA7pjMQ0oTyzRLoYLbZGaxr6vDtMxQ27wO8qfj3vpzc5FkrVbDpZqvTklDznaDVgAQ==
